
Microsoft Visual Studio Solution File, Format Version 12.00
# Visual Studio Version 16
VisualStudioVersion = 16.0.31624.102
MinimumVisualStudioVersion = 10.0.40219.1
Project("{888888A0-9F3D-457C-B088-3A5042F75D52}") = "Lotto", "Lotto\Lotto.pyproj", "{6BCEB2E4-41BD-44F9-AF73-4C4952890912}"
EndProject
Global
	GlobalSection(SolutionConfigurationPlatforms) = preSolution
		Debug|Any CPU = Debug|Any CPU
		Release|Any CPU = Release|Any CPU
	EndGlobalSection
	GlobalSection(ProjectConfigurationPlatforms) = postSolution
		{6BCEB2E4-41BD-44F9-AF73-4C4952890912}.Debug|Any CPU.ActiveCfg = Debug|Any CPU
		{6BCEB2E4-41BD-44F9-AF73-4C4952890912}.Release|Any CPU.ActiveCfg = Release|Any CPU
	EndGlobalSection
	GlobalSection(SolutionProperties) = preSolution
		HideSolutionNode = FALSE
	EndGlobalSection
	GlobalSection(ExtensibilityGlobals) = postSolution
		SolutionGuid = {C1CDAD34-BA26-4B51-BACF-C794301AC891}
	EndGlobalSection
EndGlobal
